
Microsoft Visual Studio Solution File, Format Version 12.00
# Visual Studio 2015
Project("{FAE04EC0-301F-11D3-BF4B-00C04F79EFBC}") = "Unity3dShooter", "Unity3dShooter.csproj", "{A97EADC5-A76C-5FEA-6BE0-C798A478270C}"
EndProject
Project("{FAE04EC0-301F-11D3-BF4B-00C04F79EFBC}") = "Unity3dShooter.Plugins", "Unity3dShooter.Plugins.csproj", "{60B26E18-274C-E5CF-EEC6-49C274CE5453}"
EndProject
Project("{FAE04EC0-301F-11D3-BF4B-00C04F79EFBC}") = "Unity3dShooter.Editor", "Unity3dShooter.Editor.csproj", "{1BB2D4F3-BFED-36B6-893B-1F3E484F1B6C}"
EndProject
Global
	GlobalSection(SolutionConfigurationPlatforms) = preSolution
		Debug|Any CPU = Debug|Any CPU
		Release|Any CPU = Release|Any CPU
	EndGlobalSection
	GlobalSection(ProjectConfigurationPlatforms) = postSolution
		{A97EADC5-A76C-5FEA-6BE0-C798A478270C}.Debug|Any CPU.ActiveCfg = Debug|Any CPU
		{A97EADC5-A76C-5FEA-6BE0-C798A478270C}.Debug|Any CPU.Build.0 = Debug|Any CPU
		{A97EADC5-A76C-5FEA-6BE0-C798A478270C}.Release|Any CPU.ActiveCfg = Release|Any CPU
		{A97EADC5-A76C-5FEA-6BE0-C798A478270C}.Release|Any CPU.Build.0 = Release|Any CPU
		{60B26E18-274C-E5CF-EEC6-49C274CE5453}.Debug|Any CPU.ActiveCfg = Debug|Any CPU
		{60B26E18-274C-E5CF-EEC6-49C274CE5453}.Debug|Any CPU.Build.0 = Debug|Any CPU
		{60B26E18-274C-E5CF-EEC6-49C274CE5453}.Release|Any CPU.ActiveCfg = Release|Any CPU
		{60B26E18-274C-E5CF-EEC6-49C274CE5453}.Release|Any CPU.Build.0 = Release|Any CPU
		{1BB2D4F3-BFED-36B6-893B-1F3E484F1B6C}.Debug|Any CPU.ActiveCfg = Debug|Any CPU
		{1BB2D4F3-BFED-36B6-893B-1F3E484F1B6C}.Debug|Any CPU.Build.0 = Debug|Any CPU
		{1BB2D4F3-BFED-36B6-893B-1F3E484F1B6C}.Release|Any CPU.ActiveCfg = Release|Any CPU
		{1BB2D4F3-BFED-36B6-893B-1F3E484F1B6C}.Release|Any CPU.Build.0 = Release|Any CPU
	EndGlobalSection
	GlobalSection(SolutionProperties) = preSolution
		HideSolutionNode = FALSE
	EndGlobalSection
EndGlobal
